Microsoft Visual Studio Solution File, Format Version 12.00
# Visual Studio Version 17
VisualStudioVersion = 17.12.35514.174
MinimumVisualStudioVersion = 10.0.40219.1
Project("{FAE04EC0-301F-11D3-BF4B-00C04F79EFBC}") = "NewProjectTemplate", "NewProjectTemplate\NewProjectTemplate\NewProjectTemplate.csproj", "{2215DDA4-3943-4949-A701-1BF3EB6749AB}"
EndProject
Project("{FAE04EC0-301F-11D3-BF4B-00C04F79EFBC}") = "NewProjectTemplate.Client", "NewProjectTemplate\NewProjectTemplate.Client\NewProjectTemplate.Client.csproj", "{59C54673-C9EC-4A08-B303-60798D96DF33}"
EndProject
Global
	GlobalSection(SolutionConfigurationPlatforms) = preSolution
		Debug|Any CPU = Debug|Any CPU
		Release|Any CPU = Release|Any CPU
	EndGlobalSection
	GlobalSection(ProjectConfigurationPlatforms) = postSolution
		{2215DDA4-3943-4949-A701-1BF3EB6749AB}.Debug|Any CPU.ActiveCfg = Debug|Any CPU
		{2215DDA4-3943-4949-A701-1BF3EB6749AB}.Debug|Any CPU.Build.0 = Debug|Any CPU
		{2215DDA4-3943-4949-A701-1BF3EB6749AB}.Release|Any CPU.ActiveCfg = Release|Any CPU
		{2215DDA4-3943-4949-A701-1BF3EB6749AB}.Release|Any CPU.Build.0 = Release|Any CPU
		{59C54673-C9EC-4A08-B303-60798D96DF33}.Debug|Any CPU.ActiveCfg = Debug|Any CPU
		{59C54673-C9EC-4A08-B303-60798D96DF33}.Debug|Any CPU.Build.0 = Debug|Any CPU
		{59C54673-C9EC-4A08-B303-60798D96DF33}.Release|Any CPU.ActiveCfg = Release|Any CPU
		{59C54673-C9EC-4A08-B303-60798D96DF33}.Release|Any CPU.Build.0 = Release|Any CPU
	EndGlobalSection
	GlobalSection(SolutionProperties) = preSolution
		HideSolutionNode = FALSE
	EndGlobalSection
EndGlobal
